
Microsoft Visual Studio Solution File, Format Version 12.00
# Visual Studio Version 17
VisualStudioVersion = 17.2.32526.322
MinimumVisualStudioVersion = 10.0.40219.1
Project("{FAE04EC0-301F-11D3-BF4B-00C04F79EFBC}") = "DroptestApp", "DroptestApp.csproj", "{72D4FAB1-92E1-425E-BE05-688D5175D1AE}"
EndProject
Global
	GlobalSection(SolutionConfigurationPlatforms) = preSolution
		Debug|Any CPU = Debug|Any CPU
		Release|Any CPU = Release|Any CPU
	EndGlobalSection
	GlobalSection(ProjectConfigurationPlatforms) = postSolution
		{72D4FAB1-92E1-425E-BE05-688D5175D1AE}.Debug|Any CPU.ActiveCfg = Debug|Any CPU
		{72D4FAB1-92E1-425E-BE05-688D5175D1AE}.Debug|Any CPU.Build.0 = Debug|Any CPU
		{72D4FAB1-92E1-425E-BE05-688D5175D1AE}.Release|Any CPU.ActiveCfg = Release|Any CPU
		{72D4FAB1-92E1-425E-BE05-688D5175D1AE}.Release|Any CPU.Build.0 = Release|Any CPU
	EndGlobalSection
	GlobalSection(SolutionProperties) = preSolution
		HideSolutionNode = FALSE
	EndGlobalSection
	GlobalSection(ExtensibilityGlobals) = postSolution
		SolutionGuid = {B98A6AFC-BFB5-48EB-8F3B-6A82440AC88E}
	EndGlobalSection
EndGlobal
